
Microsoft Visual Studio Solution File, Format Version 12.00
# Visual Studio Version 17
VisualStudioVersion = 17.14.36203.30
MinimumVisualStudioVersion = 10.0.40219.1
Project("{FAE04EC0-301F-11D3-BF4B-00C04F79EFBC}") = "server", "server.csproj", "{1CE89937-7474-445C-97A8-D88C8124A9BE}"
EndProject
Project("{FAE04EC0-301F-11D3-BF4B-00C04F79EFBC}") = "Chat.Infrastructure.Persistence", "..\Infrastructure\Chat.Infrastructure.Persistence.csproj", "{7224C4D8-23CC-4CE2-9F98-FC0B55F2E7BD}"
EndProject
Project("{2150E333-8FDC-42A3-9474-1A3956D46DE8}") = "Infrastructure", "Infrastructure", "{02EA681E-C7D8-13C7-8484-4AC65E1B71E8}"
EndProject
Project("{2150E333-8FDC-42A3-9474-1A3956D46DE8}") = "Core", "Core", "{36572A6C-D281-484E-BE48-4851E9010F9E}"
EndProject
Project("{2150E333-8FDC-42A3-9474-1A3956D46DE8}") = "Presentation", "Presentation", "{EABFB3E4-8B53-4247-8DAB-DFE4C9468148}"
EndProject
Project("{FAE04EC0-301F-11D3-BF4B-00C04F79EFBC}") = "Chat.Core.Domain", "..\Chat.Core.Domain\Chat.Core.Domain.csproj", "{BAE3EF9F-B0C0-4273-B458-2C273E5A30E1}"
EndProject
Project("{FAE04EC0-301F-11D3-BF4B-00C04F79EFBC}") = "Chat.Core.Application", "..\Chat.Core.Application\Chat.Core.Application.csproj", "{380278B1-8890-45CD-8298-423E9B479581}"
EndProject
Project("{FAE04EC0-301F-11D3-BF4B-00C04F79EFBC}") = "Chat.Infrastructure", "..\Chat.Infrastructure\Chat.Infrastructure.csproj", "{65F24641-3F7E-4C43-9B18-9A5A94832906}"
EndProject
Global
	GlobalSection(SolutionConfigurationPlatforms) = preSolution
		Debug|Any CPU = Debug|Any CPU
		Release|Any CPU = Release|Any CPU
	EndGlobalSection
	GlobalSection(ProjectConfigurationPlatforms) = postSolution
		{1CE89937-7474-445C-97A8-D88C8124A9BE}.Debug|Any CPU.ActiveCfg = Debug|Any CPU
		{1CE89937-7474-445C-97A8-D88C8124A9BE}.Debug|Any CPU.Build.0 = Debug|Any CPU
		{1CE89937-7474-445C-97A8-D88C8124A9BE}.Release|Any CPU.ActiveCfg = Release|Any CPU
		{1CE89937-7474-445C-97A8-D88C8124A9BE}.Release|Any CPU.Build.0 = Release|Any CPU
		{7224C4D8-23CC-4CE2-9F98-FC0B55F2E7BD}.Debug|Any CPU.ActiveCfg = Debug|Any CPU
		{7224C4D8-23CC-4CE2-9F98-FC0B55F2E7BD}.Debug|Any CPU.Build.0 = Debug|Any CPU
		{7224C4D8-23CC-4CE2-9F98-FC0B55F2E7BD}.Release|Any CPU.ActiveCfg = Release|Any CPU
		{7224C4D8-23CC-4CE2-9F98-FC0B55F2E7BD}.Release|Any CPU.Build.0 = Release|Any CPU
		{BAE3EF9F-B0C0-4273-B458-2C273E5A30E1}.Debug|Any CPU.ActiveCfg = Debug|Any CPU
		{BAE3EF9F-B0C0-4273-B458-2C273E5A30E1}.Debug|Any CPU.Build.0 = Debug|Any CPU
		{BAE3EF9F-B0C0-4273-B458-2C273E5A30E1}.Release|Any CPU.ActiveCfg = Release|Any CPU
		{BAE3EF9F-B0C0-4273-B458-2C273E5A30E1}.Release|Any CPU.Build.0 = Release|Any CPU
		{380278B1-8890-45CD-8298-423E9B479581}.Debug|Any CPU.ActiveCfg = Debug|Any CPU
		{380278B1-8890-45CD-8298-423E9B479581}.Debug|Any CPU.Build.0 = Debug|Any CPU
		{380278B1-8890-45CD-8298-423E9B479581}.Release|Any CPU.ActiveCfg = Release|Any CPU
		{380278B1-8890-45CD-8298-423E9B479581}.Release|Any CPU.Build.0 = Release|Any CPU
		{65F24641-3F7E-4C43-9B18-9A5A94832906}.Debug|Any CPU.ActiveCfg = Debug|Any CPU
		{65F24641-3F7E-4C43-9B18-9A5A94832906}.Debug|Any CPU.Build.0 = Debug|Any CPU
		{65F24641-3F7E-4C43-9B18-9A5A94832906}.Release|Any CPU.ActiveCfg = Release|Any CPU
		{65F24641-3F7E-4C43-9B18-9A5A94832906}.Release|Any CPU.Build.0 = Release|Any CPU
	EndGlobalSection
	GlobalSection(SolutionProperties) = preSolution
		HideSolutionNode = FALSE
	EndGlobalSection
	GlobalSection(NestedProjects) = preSolution
		{1CE89937-7474-445C-97A8-D88C8124A9BE} = {EABFB3E4-8B53-4247-8DAB-DFE4C9468148}
		{7224C4D8-23CC-4CE2-9F98-FC0B55F2E7BD} = {02EA681E-C7D8-13C7-8484-4AC65E1B71E8}
		{BAE3EF9F-B0C0-4273-B458-2C273E5A30E1} = {36572A6C-D281-484E-BE48-4851E9010F9E}
		{380278B1-8890-45CD-8298-423E9B479581} = {36572A6C-D281-484E-BE48-4851E9010F9E}
		{65F24641-3F7E-4C43-9B18-9A5A94832906} = {02EA681E-C7D8-13C7-8484-4AC65E1B71E8}
	EndGlobalSection
	GlobalSection(ExtensibilityGlobals) = postSolution
		SolutionGuid = {CD4432DD-CB11-4183-BAE7-F2FC66D82BAC}
	EndGlobalSection
EndGlobal
